
Microsoft Visual Studio Solution File, Format Version 12.00
# Visual Studio 14
VisualStudioVersion = 14.0.24720.0
MinimumVisualStudioVersion = 10.0.40219.1
Project("{FAE04EC0-301F-11D3-BF4B-00C04F79EFBC}") = "WalletOne.WebUI", "WalletOne\WalletOne.WebUI.csproj", "{0C31642E-EED6-47C7-B43E-B0FA0B4783F6}"
EndProject
Project("{FAE04EC0-301F-11D3-BF4B-00C04F79EFBC}") = "WalletOne.Domain", "WalletOne.Domain\WalletOne.Domain.csproj", "{DA35D975-470B-46E4-8221-8DC7789EB5A7}"
EndProject
Global
	GlobalSection(SolutionConfigurationPlatforms) = preSolution
		Debug|Any CPU = Debug|Any CPU
		Release|Any CPU = Release|Any CPU
	EndGlobalSection
	GlobalSection(ProjectConfigurationPlatforms) = postSolution
		{0C31642E-EED6-47C7-B43E-B0FA0B4783F6}.Debug|Any CPU.ActiveCfg = Debug|Any CPU
		{0C31642E-EED6-47C7-B43E-B0FA0B4783F6}.Debug|Any CPU.Build.0 = Debug|Any CPU
		{0C31642E-EED6-47C7-B43E-B0FA0B4783F6}.Release|Any CPU.ActiveCfg = Release|Any CPU
		{0C31642E-EED6-47C7-B43E-B0FA0B4783F6}.Release|Any CPU.Build.0 = Release|Any CPU
		{DA35D975-470B-46E4-8221-8DC7789EB5A7}.Debug|Any CPU.ActiveCfg = Debug|Any CPU
		{DA35D975-470B-46E4-8221-8DC7789EB5A7}.Debug|Any CPU.Build.0 = Debug|Any CPU
		{DA35D975-470B-46E4-8221-8DC7789EB5A7}.Release|Any CPU.ActiveCfg = Release|Any CPU
		{DA35D975-470B-46E4-8221-8DC7789EB5A7}.Release|Any CPU.Build.0 = Release|Any CPU
	EndGlobalSection
	GlobalSection(SolutionProperties) = preSolution
		HideSolutionNode = FALSE
	EndGlobalSection
EndGlobal
